// !$*UTF8*$!
{
	archiveVersion = 1;
	classes = {
	};
	objectVersion = 46;
	objects = {

/* Begin PBXBuildFile section */
		F50B703C190D724400C15FFD /* icon_alarm_dn.png in Resources */ = {isa = PBXBuildFile; fileRef = F50B7019190D724300C15FFD /* icon_alarm_dn.png */; };
		F50B703D190D724400C15FFD /* icon_alarm_up.png in Resources */ = {isa = PBXBuildFile; fileRef = F50B701A190D724300C15FFD /* icon_alarm_up.png */; };
		F50B703E190D724400C15FFD /* icon_bar_01.png in Resources */ = {isa = PBXBuildFile; fileRef = F50B701B190D724300C15FFD /* icon_bar_01.png */; };
		F50B703F190D724400C15FFD /* icon_bar_01_.png in Resources */ = {isa = PBXBuildFile; fileRef = F50B701C190D724300C15FFD /* icon_bar_01_.png */; };
		F50B7040190D724400C15FFD /* icon_bar_02.png in Resources */ = {isa = PBXBuildFile; fileRef = F50B701D190D724300C15FFD /* icon_bar_02.png */; };
		F50B7041190D724400C15FFD /* icon_bar_02_.png in Resources */ = {isa = PBXBuildFile; fileRef = F50B701E190D724300C15FFD /* icon_bar_02_.png */; };
		F50B7042190D724400C15FFD /* icon_bar_03.png in Resources */ = {isa = PBXBuildFile; fileRef = F50B701F190D724300C15FFD /* icon_bar_03.png */; };
		F50B7043190D724400C15FFD /* icon_bar_03_.png in Resources */ = {isa = PBXBuildFile; fileRef = F50B7020190D724300C15FFD /* icon_bar_03_.png */; };
		F50B7044190D724400C15FFD /* icon_bar_04.png in Resources */ = {isa = PBXBuildFile; fileRef = F50B7021190D724300C15FFD /* icon_bar_04.png */; };
		F50B7045190D724400C15FFD /* icon_bar_04_.png in Resources */ = {isa = PBXBuildFile; fileRef = F50B7022190D724300C15FFD /* icon_bar_04_.png */; };
		F50B7046190D724400C15FFD /* icon_heart_dn.png in Resources */ = {isa = PBXBuildFile; fileRef = F50B7023190D724300C15FFD /* icon_heart_dn.png */; };
		F50B7047190D724400C15FFD /* icon_heart_up.png in Resources */ = {isa = PBXBuildFile; fileRef = F50B7024190D724300C15FFD /* icon_heart_up.png */; };
		F50B7048190D724400C15FFD /* icon_setting_dn.png in Resources */ = {isa = PBXBuildFile; fileRef = F50B7025190D724300C15FFD /* icon_setting_dn.png */; };
		F50B7049190D724400C15FFD /* icon_setting_up.png in Resources */ = {isa = PBXBuildFile; fileRef = F50B7026190D724300C15FFD /* icon_setting_up.png */; };
		F50B704A190D724400C15FFD /* icon_stats_dn.png in Resources */ = {isa = PBXBuildFile; fileRef = F50B7027190D724300C15FFD /* icon_stats_dn.png */; };
		F50B704B190D724400C15FFD /* icon_stats_up.png in Resources */ = {isa = PBXBuildFile; fileRef = F50B7028190D724300C15FFD /* icon_stats_up.png */; };
		F50B704C190D724400C15FFD /* guide-01.png in Resources */ = {isa = PBXBuildFile; fileRef = F50B7029190D724300C15FFD /* guide-01.png */; };
		F50B704D190D724400C15FFD /* 0.png in Resources */ = {isa = PBXBuildFile; fileRef = F50B702B190D724400C15FFD /* 0.png */; };
		F50B704E190D724400C15FFD /* 10.png in Resources */ = {isa = PBXBuildFile; fileRef = F50B702C190D724400C15FFD /* 10.png */; };
		F50B704F190D724400C15FFD /* 100+.png in Resources */ = {isa = PBXBuildFile; fileRef = F50B702D190D724400C15FFD /* 100+.png */; };
		F50B7050190D724400C15FFD /* 100.png in Resources */ = {isa = PBXBuildFile; fileRef = F50B702E190D724400C15FFD /* 100.png */; };
		F50B7051190D724400C15FFD /* 100_heart.png in Resources */ = {isa = PBXBuildFile; fileRef = F50B702F190D724400C15FFD /* 100_heart.png */; };
		F50B7052190D724400C15FFD /* 20.png in Resources */ = {isa = PBXBuildFile; fileRef = F50B7030190D724400C15FFD /* 20.png */; };
		F50B7053190D724400C15FFD /* 30.png in Resources */ = {isa = PBXBuildFile; fileRef = F50B7031190D724400C15FFD /* 30.png */; };
		F50B7054190D724400C15FFD /* 40.png in Resources */ = {isa = PBXBuildFile; fileRef = F50B7032190D724400C15FFD /* 40.png */; };
		F50B7055190D724400C15FFD /* 50.png in Resources */ = {isa = PBXBuildFile; fileRef = F50B7033190D724400C15FFD /* 50.png */; };
		F50B7056190D724400C15FFD /* 60.png in Resources */ = {isa = PBXBuildFile; fileRef = F50B7034190D724400C15FFD /* 60.png */; };
		F50B7057190D724400C15FFD /* 70.png in Resources */ = {isa = PBXBuildFile; fileRef = F50B7035190D724400C15FFD /* 70.png */; };
		F50B7058190D724400C15FFD /* 80.png in Resources */ = {isa = PBXBuildFile; fileRef = F50B7036190D724400C15FFD /* 80.png */; };
		F50B7059190D724400C15FFD /* 90+.png in Resources */ = {isa = PBXBuildFile; fileRef = F50B7037190D724400C15FFD /* 90+.png */; };
		F50B705A190D724400C15FFD /* 90.png in Resources */ = {isa = PBXBuildFile; fileRef = F50B7038190D724400C15FFD /* 90.png */; };
		F50B705B190D724400C15FFD /* 90_heart.png in Resources */ = {isa = PBXBuildFile; fileRef = F50B7039190D724400C15FFD /* 90_heart.png */; };
		F50B705C190D724400C15FFD /* main-01.png in Resources */ = {isa = PBXBuildFile; fileRef = F50B703A190D724400C15FFD /* main-01.png */; };
		F50B705D190D724400C15FFD /* main-02.png in Resources */ = {isa = PBXBuildFile; fileRef = F50B703B190D724400C15FFD /* main-02.png */; };
		F50B705F190D79EC00C15FFD /* Futura-CondensedMedium.ttf in Resources */ = {isa = PBXBuildFile; fileRef = F50B705E190D79EC00C15FFD /* Futura-CondensedMedium.ttf */; };
		F50B7062190D7CFD00C15FFD /* UIColor+COLORCategories.m in Sources */ = {isa = PBXBuildFile; fileRef = F50B7061190D7CFD00C15FFD /* UIColor+COLORCategories.m */; };
		F52F20CF1906E7670053B2EE /* Foundation.framework in Frameworks */ = {isa = PBXBuildFile; fileRef = F52F20CE1906E7670053B2EE /* Foundation.framework */; };
		F52F20D11906E7670053B2EE /* CoreGraphics.framework in Frameworks */ = {isa = PBXBuildFile; fileRef = F52F20D01906E7670053B2EE /* CoreGraphics.framework */; };
		F52F20D31906E7670053B2EE /* UIKit.framework in Frameworks */ = {isa = PBXBuildFile; fileRef = F52F20D21906E7670053B2EE /* UIKit.framework */; };
		F52F20D91906E7670053B2EE /* InfoPlist.strings in Resources */ = {isa = PBXBuildFile; fileRef = F52F20D71906E7670053B2EE /* InfoPlist.strings */; };
		F52F20DB1906E7670053B2EE /* main.m in Sources */ = {isa = PBXBuildFile; fileRef = F52F20DA1906E7670053B2EE /* main.m */; };
		F52F20DF1906E7670053B2EE /* AppDelegate.m in Sources */ = {isa = PBXBuildFile; fileRef = F52F20DE1906E7670053B2EE /* AppDelegate.m */; };
		F52F20E81906E7670053B2EE /* ViewController.m in Sources */ = {isa = PBXBuildFile; fileRef = F52F20E71906E7670053B2EE /* ViewController.m */; };
		F52F20EA1906E7670053B2EE /* Images.xcassets in Resources */ = {isa = PBXBuildFile; fileRef = F52F20E91906E7670053B2EE /* Images.xcassets */; };
		F52F20F11906E7670053B2EE /* XCTest.framework in Frameworks */ = {isa = PBXBuildFile; fileRef = F52F20F01906E7670053B2EE /* XCTest.framework */; };
		F52F20F21906E7670053B2EE /* Foundation.framework in Frameworks */ = {isa = PBXBuildFile; fileRef = F52F20CE1906E7670053B2EE /* Foundation.framework */; };
		F52F20F31906E7670053B2EE /* UIKit.framework in Frameworks */ = {isa = PBXBuildFile; fileRef = F52F20D21906E7670053B2EE /* UIKit.framework */; };
		F52F20FB1906E7670053B2EE /* InfoPlist.strings in Resources */ = {isa = PBXBuildFile; fileRef = F52F20F91906E7670053B2EE /* InfoPlist.strings */; };
		F52F20FD1906E7670053B2EE /* ChocChocTests.m in Sources */ = {isa = PBXBuildFile; fileRef = F52F20FC1906E7670053B2EE /* ChocChocTests.m */; };
		F52F210A1906EBC90053B2EE /* DataClass.m in Sources */ = {isa = PBXBuildFile; fileRef = F52F21091906EBC90053B2EE /* DataClass.m */; };
		F52F21E2190736660053B2EE /* AlarmView.m in Sources */ = {isa = PBXBuildFile; fileRef = F52F21B2190736660053B2EE /* AlarmView.m */; };
		F52F21E3190736660053B2EE /* AlarmView.xib in Resources */ = {isa = PBXBuildFile; fileRef = F52F21B3190736660053B2EE /* AlarmView.xib */; };
		F52F21E4190736660053B2EE /* HeartView.m in Sources */ = {isa = PBXBuildFile; fileRef = F52F21B5190736660053B2EE /* HeartView.m */; };
		F52F21E5190736660053B2EE /* HeartView.xib in Resources */ = {isa = PBXBuildFile; fileRef = F52F21B6190736660053B2EE /* HeartView.xib */; };
		F52F21E6190736660053B2EE /* SettingView.m in Sources */ = {isa = PBXBuildFile; fileRef = F52F21B8190736660053B2EE /* SettingView.m */; };
		F52F21E7190736660053B2EE /* SettingView.xib in Resources */ = {isa = PBXBuildFile; fileRef = F52F21B9190736660053B2EE /* SettingView.xib */; };
		F52F21E8190736660053B2EE /* StatisticView.m in Sources */ = {isa = PBXBuildFile; fileRef = F52F21BB190736660053B2EE /* StatisticView.m */; };
		F52F21E9190736660053B2EE /* StatisticView.xib in Resources */ = {isa = PBXBuildFile; fileRef = F52F21BC190736660053B2EE /* StatisticView.xib */; };
/* End PBXBuildFile section */

/* Begin PBXContainerItemProxy section */
		F52F20F41906E7670053B2EE /* PBXContainerItemProxy */ = {
			isa = PBXContainerItemProxy;
			containerPortal = F52F20C31906E7670053B2EE /* Project object */;
			proxyType = 1;
			remoteGlobalIDString = F52F20CA1906E7670053B2EE;
			remoteInfo = ChocChoc;
		};
/* End PBXContainerItemProxy section */

/* Begin PBXFileReference section */
		F50B7019190D724300C15FFD /* icon_alarm_dn.png */ = {isa = PBXFileReference; lastKnownFileType = image.png; path = icon_alarm_dn.png; sourceTree = "<group>"; };
		F50B701A190D724300C15FFD /* icon_alarm_up.png */ = {isa = PBXFileReference; lastKnownFileType = image.png; path = icon_alarm_up.png; sourceTree = "<group>"; };
		F50B701B190D724300C15FFD /* icon_bar_01.png */ = {isa = PBXFileReference; lastKnownFileType = image.png; path = icon_bar_01.png; sourceTree = "<group>"; };
		F50B701C190D724300C15FFD /* icon_bar_01_.png */ = {isa = PBXFileReference; lastKnownFileType = image.png; path = icon_bar_01_.png; sourceTree = "<group>"; };
		F50B701D190D724300C15FFD /* icon_bar_02.png */ = {isa = PBXFileReference; lastKnownFileType = image.png; path = icon_bar_02.png; sourceTree = "<group>"; };
		F50B701E190D724300C15FFD /* icon_bar_02_.png */ = {isa = PBXFileReference; lastKnownFileType = image.png; path = icon_bar_02_.png; sourceTree = "<group>"; };
		F50B701F190D724300C15FFD /* icon_bar_03.png */ = {isa = PBXFileReference; lastKnownFileType = image.png; path = icon_bar_03.png; sourceTree = "<group>"; };
		F50B7020190D724300C15FFD /* icon_bar_03_.png */ = {isa = PBXFileReference; lastKnownFileType = image.png; path = icon_bar_03_.png; sourceTree = "<group>"; };
		F50B7021190D724300C15FFD /* icon_bar_04.png */ = {isa = PBXFileReference; lastKnownFileType = image.png; path = icon_bar_04.png; sourceTree = "<group>"; };
		F50B7022190D724300C15FFD /* icon_bar_04_.png */ = {isa = PBXFileReference; lastKnownFileType = image.png; path = icon_bar_04_.png; sourceTree = "<group>"; };
		F50B7023190D724300C15FFD /* icon_heart_dn.png */ = {isa = PBXFileReference; lastKnownFileType = image.png; path = icon_heart_dn.png; sourceTree = "<group>"; };
		F50B7024190D724300C15FFD /* icon_heart_up.png */ = {isa = PBXFileReference; lastKnownFileType = image.png; path = icon_heart_up.png; sourceTree = "<group>"; };
		F50B7025190D724300C15FFD /* icon_setting_dn.png */ = {isa = PBXFileReference; lastKnownFileType = image.png; path = icon_setting_dn.png; sourceTree = "<group>"; };
		F50B7026190D724300C15FFD /* icon_setting_up.png */ = {isa = PBXFileReference; lastKnownFileType = image.png; path = icon_setting_up.png; sourceTree = "<group>"; };
		F50B7027190D724300C15FFD /* icon_stats_dn.png */ = {isa = PBXFileReference; lastKnownFileType = image.png; path = icon_stats_dn.png; sourceTree = "<group>"; };
		F50B7028190D724300C15FFD /* icon_stats_up.png */ = {isa = PBXFileReference; lastKnownFileType = image.png; path = icon_stats_up.png; sourceTree = "<group>"; };
		F50B7029190D724300C15FFD /* guide-01.png */ = {isa = PBXFileReference; lastKnownFileType = image.png; path = "guide-01.png"; sourceTree = "<group>"; };
		F50B702B190D724400C15FFD /* 0.png */ = {isa = PBXFileReference; lastKnownFileType = image.png; path = 0.png; sourceTree = "<group>"; };
		F50B702C190D724400C15FFD /* 10.png */ = {isa = PBXFileReference; lastKnownFileType = image.png; path = 10.png; sourceTree = "<group>"; };
		F50B702D190D724400C15FFD /* 100+.png */ = {isa = PBXFileReference; lastKnownFileType = image.png; path = "100+.png"; sourceTree = "<group>"; };
		F50B702E190D724400C15FFD /* 100.png */ = {isa = PBXFileReference; lastKnownFileType = image.png; path = 100.png; sourceTree = "<group>"; };
		F50B702F190D724400C15FFD /* 100_heart.png */ = {isa = PBXFileReference; lastKnownFileType = image.png; path = 100_heart.png; sourceTree = "<group>"; };
		F50B7030190D724400C15FFD /* 20.png */ = {isa = PBXFileReference; lastKnownFileType = image.png; path = 20.png; sourceTree = "<group>"; };
		F50B7031190D724400C15FFD /* 30.png */ = {isa = PBXFileReference; lastKnownFileType = image.png; path = 30.png; sourceTree = "<group>"; };
		F50B7032190D724400C15FFD /* 40.png */ = {isa = PBXFileReference; lastKnownFileType = image.png; path = 40.png; sourceTree = "<group>"; };
		F50B7033190D724400C15FFD /* 50.png */ = {isa = PBXFileReference; lastKnownFileType = image.png; path = 50.png; sourceTree = "<group>"; };
		F50B7034190D724400C15FFD /* 60.png */ = {isa = PBXFileReference; lastKnownFileType = image.png; path = 60.png; sourceTree = "<group>"; };
		F50B7035190D724400C15FFD /* 70.png */ = {isa = PBXFileReference; lastKnownFileType = image.png; path = 70.png; sourceTree = "<group>"; };
		F50B7036190D724400C15FFD /* 80.png */ = {isa = PBXFileReference; lastKnownFileType = image.png; path = 80.png; sourceTree = "<group>"; };
		F50B7037190D724400C15FFD /* 90+.png */ = {isa = PBXFileReference; lastKnownFileType = image.png; path = "90+.png"; sourceTree = "<group>"; };
		F50B7038190D724400C15FFD /* 90.png */ = {isa = PBXFileReference; lastKnownFileType = image.png; path = 90.png; sourceTree = "<group>"; };
		F50B7039190D724400C15FFD /* 90_heart.png */ = {isa = PBXFileReference; lastKnownFileType = image.png; path = 90_heart.png; sourceTree = "<group>"; };
		F50B703A190D724400C15FFD /* main-01.png */ = {isa = PBXFileReference; lastKnownFileType = image.png; path = "main-01.png"; sourceTree = "<group>"; };
		F50B703B190D724400C15FFD /* main-02.png */ = {isa = PBXFileReference; lastKnownFileType = image.png; path = "main-02.png"; sourceTree = "<group>"; };
		F50B705E190D79EC00C15FFD /* Futura-CondensedMedium.ttf */ = {isa = PBXFileReference; lastKnownFileType = file; path = "Futura-CondensedMedium.ttf"; sourceTree = "<group>"; };
		F50B7060190D7CFD00C15FFD /* UIColor+COLORCategories.h */ = {isa = PBXFileReference; fileEncoding = 4; lastKnownFileType = sourcecode.c.h; path = "UIColor+COLORCategories.h"; sourceTree = "<group>"; };
		F50B7061190D7CFD00C15FFD /* UIColor+COLORCategories.m */ = {isa = PBXFileReference; fileEncoding = 4; lastKnownFileType = sourcecode.c.objc; path = "UIColor+COLORCategories.m"; sourceTree = "<group>"; };
		F52F20CB1906E7670053B2EE /* ChocChoc.app */ = {isa = PBXFileReference; explicitFileType = wrapper.application; includeInIndex = 0; path = ChocChoc.app; sourceTree = BUILT_PRODUCTS_DIR; };
		F52F20CE1906E7670053B2EE /* Foundation.framework */ = {isa = PBXFileReference; lastKnownFileType = wrapper.framework; name = Foundation.framework; path = System/Library/Frameworks/Foundation.framework; sourceTree = SDKROOT; };
		F52F20D01906E7670053B2EE /* CoreGraphics.framework */ = {isa = PBXFileReference; lastKnownFileType = wrapper.framework; name = CoreGraphics.framework; path = System/Library/Frameworks/CoreGraphics.framework; sourceTree = SDKROOT; };
		F52F20D21906E7670053B2EE /* UIKit.framework */ = {isa = PBXFileReference; lastKnownFileType = wrapper.framework; name = UIKit.framework; path = System/Library/Frameworks/UIKit.framework; sourceTree = SDKROOT; };
		F52F20D61906E7670053B2EE /* ChocChoc-Info.plist */ = {isa = PBXFileReference; lastKnownFileType = text.plist.xml; path = "ChocChoc-Info.plist"; sourceTree = "<group>"; };
		F52F20D81906E7670053B2EE /* en */ = {isa = PBXFileReference; lastKnownFileType = text.plist.strings; name = en; path = en.lproj/InfoPlist.strings; sourceTree = "<group>"; };
		F52F20DA1906E7670053B2EE /* main.m */ = {isa = PBXFileReference; lastKnownFileType = sourcecode.c.objc; path = main.m; sourceTree = "<group>"; };
		F52F20DC1906E7670053B2EE /* ChocChoc-Prefix.pch */ = {isa = PBXFileReference; lastKnownFileType = sourcecode.c.h; path = "ChocChoc-Prefix.pch"; sourceTree = "<group>"; };
		F52F20DD1906E7670053B2EE /* AppDelegate.h */ = {isa = PBXFileReference; lastKnownFileType = sourcecode.c.h; path = AppDelegate.h; sourceTree = "<group>"; };
		F52F20DE1906E7670053B2EE /* AppDelegate.m */ = {isa = PBXFileReference; lastKnownFileType = sourcecode.c.objc; path = AppDelegate.m; sourceTree = "<group>"; };
		F52F20E11906E7670053B2EE /* Base */ = {isa = PBXFileReference; lastKnownFileType = file.storyboard; name = Base; path = Base.lproj/Main_iPhone.storyboard; sourceTree = "<group>"; };
		F52F20E41906E7670053B2EE /* Base */ = {isa = PBXFileReference; lastKnownFileType = file.storyboard; name = Base; path = Base.lproj/Main_iPad.storyboard; sourceTree = "<group>"; };
		F52F20E61906E7670053B2EE /* ViewController.h */ = {isa = PBXFileReference; lastKnownFileType = sourcecode.c.h; path = ViewController.h; sourceTree = "<group>"; };
		F52F20E71906E7670053B2EE /* ViewController.m */ = {isa = PBXFileReference; lastKnownFileType = sourcecode.c.objc; path = ViewController.m; sourceTree = "<group>"; };
		F52F20E91906E7670053B2EE /* Images.xcassets */ = {isa = PBXFileReference; lastKnownFileType = folder.assetcatalog; path = Images.xcassets; sourceTree = "<group>"; };
		F52F20EF1906E7670053B2EE /* ChocChocTests.xctest */ = {isa = PBXFileReference; explicitFileType = wrapper.cfbundle; includeInIndex = 0; path = ChocChocTests.xctest; sourceTree = BUILT_PRODUCTS_DIR; };
		F52F20F01906E7670053B2EE /* XCTest.framework */ = {isa = PBXFileReference; lastKnownFileType = wrapper.framework; name = XCTest.framework; path = Library/Frameworks/XCTest.framework; sourceTree = DEVELOPER_DIR; };
		F52F20F81906E7670053B2EE /* ChocChocTests-Info.plist */ = {isa = PBXFileReference; lastKnownFileType = text.plist.xml; path = "ChocChocTests-Info.plist"; sourceTree = "<group>"; };
		F52F20FA1906E7670053B2EE /* en */ = {isa = PBXFileReference; lastKnownFileType = text.plist.strings; name = en; path = en.lproj/InfoPlist.strings; sourceTree = "<group>"; };
		F52F20FC1906E7670053B2EE /* ChocChocTests.m */ = {isa = PBXFileReference; lastKnownFileType = sourcecode.c.objc; path = ChocChocTests.m; sourceTree = "<group>"; };
		F52F21081906EBC90053B2EE /* DataClass.h */ = {isa = PBXFileReference; fileEncoding = 4; lastKnownFileType = sourcecode.c.h; path = DataClass.h; sourceTree = "<group>"; };
		F52F21091906EBC90053B2EE /* DataClass.m */ = {isa = PBXFileReference; fileEncoding = 4; lastKnownFileType = sourcecode.c.objc; path = DataClass.m; sourceTree = "<group>"; };
		F52F21B1190736660053B2EE /* AlarmView.h */ = {isa = PBXFileReference; fileEncoding = 4; lastKnownFileType = sourcecode.c.h; path = AlarmView.h; sourceTree = "<group>"; };
		F52F21B2190736660053B2EE /* AlarmView.m */ = {isa = PBXFileReference; fileEncoding = 4; lastKnownFileType = sourcecode.c.objc; path = AlarmView.m; sourceTree = "<group>"; };
		F52F21B3190736660053B2EE /* AlarmView.xib */ = {isa = PBXFileReference; fileEncoding = 4; lastKnownFileType = file.xib; path = AlarmView.xib; sourceTree = "<group>"; };
		F52F21B4190736660053B2EE /* HeartView.h */ = {isa = PBXFileReference; fileEncoding = 4; lastKnownFileType = sourcecode.c.h; path = HeartView.h; sourceTree = "<group>"; };
		F52F21B5190736660053B2EE /* HeartView.m */ = {isa = PBXFileReference; fileEncoding = 4; lastKnownFileType = sourcecode.c.objc; path = HeartView.m; sourceTree = "<group>"; };
		F52F21B6190736660053B2EE /* HeartView.xib */ = {isa = PBXFileReference; fileEncoding = 4; lastKnownFileType = file.xib; path = HeartView.xib; sourceTree = "<group>"; };
		F52F21B7190736660053B2EE /* SettingView.h */ = {isa = PBXFileReference; fileEncoding = 4; lastKnownFileType = sourcecode.c.h; path = SettingView.h; sourceTree = "<group>"; };
		F52F21B8190736660053B2EE /* SettingView.m */ = {isa = PBXFileReference; fileEncoding = 4; lastKnownFileType = sourcecode.c.objc; path = SettingView.m; sourceTree = "<group>"; };
		F52F21B9190736660053B2EE /* SettingView.xib */ = {isa = PBXFileReference; fileEncoding = 4; lastKnownFileType = file.xib; path = SettingView.xib; sourceTree = "<group>"; };
		F52F21BA190736660053B2EE /* StatisticView.h */ = {isa = PBXFileReference; fileEncoding = 4; lastKnownFileType = sourcecode.c.h; path = StatisticView.h; sourceTree = "<group>"; };
		F52F21BB190736660053B2EE /* StatisticView.m */ = {isa = PBXFileReference; fileEncoding = 4; lastKnownFileType = sourcecode.c.objc; path = StatisticView.m; sourceTree = "<group>"; };
		F52F21BC190736660053B2EE /* StatisticView.xib */ = {isa = PBXFileReference; fileEncoding = 4; lastKnownFileType = file.xib; path = StatisticView.xib; sourceTree = "<group>"; };
/* End PBXFileReference section */

/* Begin PBXFrameworksBuildPhase section */
		F52F20C81906E7670053B2EE /* Frameworks */ = {
			isa = PBXFrameworksBuildPhase;
			buildActionMask = 2147483647;
			files = (
				F52F20D11906E7670053B2EE /* CoreGraphics.framework in Frameworks */,
				F52F20D31906E7670053B2EE /* UIKit.framework in Frameworks */,
				F52F20CF1906E7670053B2EE /* Foundation.framework in Frameworks */,
			);
			runOnlyForDeploymentPostprocessing = 0;
		};
		F52F20EC1906E7670053B2EE /* Frameworks */ = {
			isa = PBXFrameworksBuildPhase;
			buildActionMask = 2147483647;
			files = (
				F52F20F11906E7670053B2EE /* XCTest.framework in Frameworks */,
				F52F20F31906E7670053B2EE /* UIKit.framework in Frameworks */,
				F52F20F21906E7670053B2EE /* Foundation.framework in Frameworks */,
			);
			runOnlyForDeploymentPostprocessing = 0;
		};
/* End PBXFrameworksBuildPhase section */

/* Begin PBXGroup section */
		F50B7017190D724300C15FFD /* Resource */ = {
			isa = PBXGroup;
			children = (
				F50B705E190D79EC00C15FFD /* Futura-CondensedMedium.ttf */,
				F50B7018190D724300C15FFD /* bottom_bar */,
				F50B7029190D724300C15FFD /* guide-01.png */,
				F50B702A190D724300C15FFD /* heart */,
				F50B703A190D724400C15FFD /* main-01.png */,
				F50B703B190D724400C15FFD /* main-02.png */,
			);
			path = Resource;
			sourceTree = "<group>";
		};
		F50B7018190D724300C15FFD /* bottom_bar */ = {
			isa = PBXGroup;
			children = (
				F50B7019190D724300C15FFD /* icon_alarm_dn.png */,
				F50B701A190D724300C15FFD /* icon_alarm_up.png */,
				F50B701B190D724300C15FFD /* icon_bar_01.png */,
				F50B701C190D724300C15FFD /* icon_bar_01_.png */,
				F50B701D190D724300C15FFD /* icon_bar_02.png */,
				F50B701E190D724300C15FFD /* icon_bar_02_.png */,
				F50B701F190D724300C15FFD /* icon_bar_03.png */,
				F50B7020190D724300C15FFD /* icon_bar_03_.png */,
				F50B7021190D724300C15FFD /* icon_bar_04.png */,
				F50B7022190D724300C15FFD /* icon_bar_04_.png */,
				F50B7023190D724300C15FFD /* icon_heart_dn.png */,
				F50B7024190D724300C15FFD /* icon_heart_up.png */,
				F50B7025190D724300C15FFD /* icon_setting_dn.png */,
				F50B7026190D724300C15FFD /* icon_setting_up.png */,
				F50B7027190D724300C15FFD /* icon_stats_dn.png */,
				F50B7028190D724300C15FFD /* icon_stats_up.png */,
			);
			path = bottom_bar;
			sourceTree = "<group>";
		};
		F50B702A190D724300C15FFD /* heart */ = {
			isa = PBXGroup;
			children = (
				F50B702B190D724400C15FFD /* 0.png */,
				F50B702C190D724400C15FFD /* 10.png */,
				F50B702D190D724400C15FFD /* 100+.png */,
				F50B702E190D724400C15FFD /* 100.png */,
				F50B702F190D724400C15FFD /* 100_heart.png */,
				F50B7030190D724400C15FFD /* 20.png */,
				F50B7031190D724400C15FFD /* 30.png */,
				F50B7032190D724400C15FFD /* 40.png */,
				F50B7033190D724400C15FFD /* 50.png */,
				F50B7034190D724400C15FFD /* 60.png */,
				F50B7035190D724400C15FFD /* 70.png */,
				F50B7036190D724400C15FFD /* 80.png */,
				F50B7037190D724400C15FFD /* 90+.png */,
				F50B7038190D724400C15FFD /* 90.png */,
				F50B7039190D724400C15FFD /* 90_heart.png */,
			);
			path = heart;
			sourceTree = "<group>";
		};
		F50B7063190D7D0700C15FFD /* Helper */ = {
			isa = PBXGroup;
			children = (
				F50B7060190D7CFD00C15FFD /* UIColor+COLORCategories.h */,
				F50B7061190D7CFD00C15FFD /* UIColor+COLORCategories.m */,
			);
			name = Helper;
			sourceTree = "<group>";
		};
		F52F20C21906E7670053B2EE = {
			isa = PBXGroup;
			children = (
				F52F20D41906E7670053B2EE /* ChocChoc */,
				F52F20F61906E7670053B2EE /* ChocChocTests */,
				F52F20CD1906E7670053B2EE /* Frameworks */,
				F52F20CC1906E7670053B2EE /* Products */,
			);
			sourceTree = "<group>";
		};
		F52F20CC1906E7670053B2EE /* Products */ = {
			isa = PBXGroup;
			children = (
				F52F20CB1906E7670053B2EE /* ChocChoc.app */,
				F52F20EF1906E7670053B2EE /* ChocChocTests.xctest */,
			);
			name = Products;
			sourceTree = "<group>";
		};
		F52F20CD1906E7670053B2EE /* Frameworks */ = {
			isa = PBXGroup;
			children = (
				F52F20CE1906E7670053B2EE /* Foundation.framework */,
				F52F20D01906E7670053B2EE /* CoreGraphics.framework */,
				F52F20D21906E7670053B2EE /* UIKit.framework */,
				F52F20F01906E7670053B2EE /* XCTest.framework */,
			);
			name = Frameworks;
			sourceTree = "<group>";
		};
		F52F20D41906E7670053B2EE /* ChocChoc */ = {
			isa = PBXGroup;
			children = (
				F50B7063190D7D0700C15FFD /* Helper */,
				F50B7017190D724300C15FFD /* Resource */,
				F52F2167190735260053B2EE /* DataClass */,
				F52F2168190735320053B2EE /* Storyboard */,
				F52F20DD1906E7670053B2EE /* AppDelegate.h */,
				F52F20DE1906E7670053B2EE /* AppDelegate.m */,
				F52F20E61906E7670053B2EE /* ViewController.h */,
				F52F20E71906E7670053B2EE /* ViewController.m */,
				F52F20E91906E7670053B2EE /* Images.xcassets */,
				F52F21B0190736660053B2EE /* CustomView */,
				F52F20D51906E7670053B2EE /* Supporting Files */,
			);
			path = ChocChoc;
			sourceTree = "<group>";
		};
		F52F20D51906E7670053B2EE /* Supporting Files */ = {
			isa = PBXGroup;
			children = (
				F52F20D61906E7670053B2EE /* ChocChoc-Info.plist */,
				F52F20D71906E7670053B2EE /* InfoPlist.strings */,
				F52F20DA1906E7670053B2EE /* main.m */,
				F52F20DC1906E7670053B2EE /* ChocChoc-Prefix.pch */,
			);
			name = "Supporting Files";
			sourceTree = "<group>";
		};
		F52F20F61906E7670053B2EE /* ChocChocTests */ = {
			isa = PBXGroup;
			children = (
				F52F20FC1906E7670053B2EE /* ChocChocTests.m */,
				F52F20F71906E7670053B2EE /* Supporting Files */,
			);
			path = ChocChocTests;
			sourceTree = "<group>";
		};
		F52F20F71906E7670053B2EE /* Supporting Files */ = {
			isa = PBXGroup;
			children = (
				F52F20F81906E7670053B2EE /* ChocChocTests-Info.plist */,
				F52F20F91906E7670053B2EE /* InfoPlist.strings */,
			);
			name = "Supporting Files";
			sourceTree = "<group>";
		};
		F52F2167190735260053B2EE /* DataClass */ = {
			isa = PBXGroup;
			children = (
				F52F21081906EBC90053B2EE /* DataClass.h */,
				F52F21091906EBC90053B2EE /* DataClass.m */,
			);
			name = DataClass;
			sourceTree = "<group>";
		};
		F52F2168190735320053B2EE /* Storyboard */ = {
			isa = PBXGroup;
			children = (
				F52F20E01906E7670053B2EE /* Main_iPhone.storyboard */,
				F52F20E31906E7670053B2EE /* Main_iPad.storyboard */,
			);
			name = Storyboard;
			sourceTree = "<group>";
		};
		F52F21B0190736660053B2EE /* CustomView */ = {
			isa = PBXGroup;
			children = (
				F52F21B1190736660053B2EE /* AlarmView.h */,
				F52F21B2190736660053B2EE /* AlarmView.m */,
				F52F21B3190736660053B2EE /* AlarmView.xib */,
				F52F21B4190736660053B2EE /* HeartView.h */,
				F52F21B5190736660053B2EE /* HeartView.m */,
				F52F21B6190736660053B2EE /* HeartView.xib */,
				F52F21B7190736660053B2EE /* SettingView.h */,
				F52F21B8190736660053B2EE /* SettingView.m */,
				F52F21B9190736660053B2EE /* SettingView.xib */,
				F52F21BA190736660053B2EE /* StatisticView.h */,
				F52F21BB190736660053B2EE /* StatisticView.m */,
				F52F21BC190736660053B2EE /* StatisticView.xib */,
			);
			path = CustomView;
			sourceTree = "<group>";
		};
/* End PBXGroup section */

/* Begin PBXNativeTarget section */
		F52F20CA1906E7670053B2EE /* ChocChoc */ = {
			isa = PBXNativeTarget;
			buildConfigurationList = F52F21001906E7670053B2EE /* Build configuration list for PBXNativeTarget "ChocChoc" */;
			buildPhases = (
				F52F20C71906E7670053B2EE /* Sources */,
				F52F20C81906E7670053B2EE /* Frameworks */,
				F52F20C91906E7670053B2EE /* Resources */,
			);
			buildRules = (
			);
			dependencies = (
			);
			name = ChocChoc;
			productName = ChocChoc;
			productReference = F52F20CB1906E7670053B2EE /* ChocChoc.app */;
			productType = "com.apple.product-type.application";
		};
		F52F20EE1906E7670053B2EE /* ChocChocTests */ = {
			isa = PBXNativeTarget;
			buildConfigurationList = F52F21031906E7670053B2EE /* Build configuration list for PBXNativeTarget "ChocChocTests" */;
			buildPhases = (
				F52F20EB1906E7670053B2EE /* Sources */,
				F52F20EC1906E7670053B2EE /* Frameworks */,
				F52F20ED1906E7670053B2EE /* Resources */,
			);
			buildRules = (
			);
			dependencies = (
				F52F20F51906E7670053B2EE /* PBXTargetDependency */,
			);
			name = ChocChocTests;
			productName = ChocChocTests;
			productReference = F52F20EF1906E7670053B2EE /* ChocChocTests.xctest */;
			productType = "com.apple.product-type.bundle.unit-test";
		};
/* End PBXNativeTarget section */

/* Begin PBXProject section */
		F52F20C31906E7670053B2EE /* Project object */ = {
			isa = PBXProject;
			attributes = {
				LastUpgradeCheck = 0510;
				ORGANIZATIONNAME = TPP;
				TargetAttributes = {
					F52F20EE1906E7670053B2EE = {
						TestTargetID = F52F20CA1906E7670053B2EE;
					};
				};
			};
			buildConfigurationList = F52F20C61906E7670053B2EE /* Build configuration list for PBXProject "ChocChoc" */;
			compatibilityVersion = "Xcode 3.2";
			developmentRegion = English;
			hasScannedForEncodings = 0;
			knownRegions = (
				en,
				Base,
			);
			mainGroup = F52F20C21906E7670053B2EE;
			productRefGroup = F52F20CC1906E7670053B2EE /* Products */;
			projectDirPath = "";
			projectRoot = "";
			targets = (
				F52F20CA1906E7670053B2EE /* ChocChoc */,
				F52F20EE1906E7670053B2EE /* ChocChocTests */,
			);
		};
/* End PBXProject section */

/* Begin PBXResourcesBuildPhase section */
		F52F20C91906E7670053B2EE /* Resources */ = {
			isa = PBXResourcesBuildPhase;
			buildActionMask = 2147483647;
			files = (
				F50B7052190D724400C15FFD /* 20.png in Resources */,
				F50B7050190D724400C15FFD /* 100.png in Resources */,
				F50B704E190D724400C15FFD /* 10.png in Resources */,
				F50B7051190D724400C15FFD /* 100_heart.png in Resources */,
				F50B705D190D724400C15FFD /* main-02.png in Resources */,
				F50B7056190D724400C15FFD /* 60.png in Resources */,
				F52F21E7190736660053B2EE /* SettingView.xib in Resources */,
				F52F20EA1906E7670053B2EE /* Images.xcassets in Resources */,
				F50B7042190D724400C15FFD /* icon_bar_03.png in Resources */,
				F50B7054190D724400C15FFD /* 40.png in Resources */,
				F50B705A190D724400C15FFD /* 90.png in Resources */,
				F50B7040190D724400C15FFD /* icon_bar_02.png in Resources */,
				F50B7041190D724400C15FFD /* icon_bar_02_.png in Resources */,
				F50B705B190D724400C15FFD /* 90_heart.png in Resources */,
				F50B703C190D724400C15FFD /* icon_alarm_dn.png in Resources */,
				F52F21E3190736660053B2EE /* AlarmView.xib in Resources */,
				F50B7057190D724400C15FFD /* 70.png in Resources */,
				F50B703F190D724400C15FFD /* icon_bar_01_.png in Resources */,
				F50B704D190D724400C15FFD /* 0.png in Resources */,
				F52F21E5190736660053B2EE /* HeartView.xib in Resources */,
				F50B7047190D724400C15FFD /* icon_heart_up.png in Resources */,
				F50B7053190D724400C15FFD /* 30.png in Resources */,
				F50B7049190D724400C15FFD /* icon_setting_up.png in Resources */,
				F50B7043190D724400C15FFD /* icon_bar_03_.png in Resources */,
				F52F21E9190736660053B2EE /* StatisticView.xib in Resources */,
				F50B704A190D724400C15FFD /* icon_stats_dn.png in Resources */,
				F50B704B190D724400C15FFD /* icon_stats_up.png in Resources */,
				F50B704C190D724400C15FFD /* guide-01.png in Resources */,
				F50B705F190D79EC00C15FFD /* Futura-CondensedMedium.ttf in Resources */,
				F50B703E190D724400C15FFD /* icon_bar_01.png in Resources */,
				F50B7044190D724400C15FFD /* icon_bar_04.png in Resources */,
				F50B7059190D724400C15FFD /* 90+.png in Resources */,
				F50B704F190D724400C15FFD /* 100+.png in Resources */,
				F50B703D190D724400C15FFD /* icon_alarm_up.png in Resources */,
				F52F20D91906E7670053B2EE /* InfoPlist.strings in Resources */,
				F50B7048190D724400C15FFD /* icon_setting_dn.png in Resources */,
				F50B7058190D724400C15FFD /* 80.png in Resources */,
				F50B7055190D724400C15FFD /* 50.png in Resources */,
				F50B705C190D724400C15FFD /* main-01.png in Resources */,
				F50B7046190D724400C15FFD /* icon_heart_dn.png in Resources */,
				F50B7045190D724400C15FFD /* icon_bar_04_.png in Resources */,
			);
			runOnlyForDeploymentPostprocessing = 0;
		};
		F52F20ED1906E7670053B2EE /* Resources */ = {
			isa = PBXResourcesBuildPhase;
			buildActionMask = 2147483647;
			files = (
				F52F20FB1906E7670053B2EE /* InfoPlist.strings in Resources */,
			);
			runOnlyForDeploymentPostprocessing = 0;
		};
/* End PBXResourcesBuildPhase section */

/* Begin PBXSourcesBuildPhase section */
		F52F20C71906E7670053B2EE /* Sources */ = {
			isa = PBXSourcesBuildPhase;
			buildActionMask = 2147483647;
			files = (
				F52F20E81906E7670053B2EE /* ViewController.m in Sources */,
				F52F20DF1906E7670053B2EE /* AppDelegate.m in Sources */,
				F52F21E6190736660053B2EE /* SettingView.m in Sources */,
				F52F20DB1906E7670053B2EE /* main.m in Sources */,
				F52F210A1906EBC90053B2EE /* DataClass.m in Sources */,
				F52F21E8190736660053B2EE /* StatisticView.m in Sources */,
				F52F21E2190736660053B2EE /* AlarmView.m in Sources */,
				F50B7062190D7CFD00C15FFD /* UIColor+COLORCategories.m in Sources */,
				F52F21E4190736660053B2EE /* HeartView.m in Sources */,
			);
			runOnlyForDeploymentPostprocessing = 0;
		};
		F52F20EB1906E7670053B2EE /* Sources */ = {
			isa = PBXSourcesBuildPhase;
			buildActionMask = 2147483647;
			files = (
				F52F20FD1906E7670053B2EE /* ChocChocTests.m in Sources */,
			);
			runOnlyForDeploymentPostprocessing = 0;
		};
/* End PBXSourcesBuildPhase section */

/* Begin PBXTargetDependency section */
		F52F20F51906E7670053B2EE /* PBXTargetDependency */ = {
			isa = PBXTargetDependency;
			target = F52F20CA1906E7670053B2EE /* ChocChoc */;
			targetProxy = F52F20F41906E7670053B2EE /* PBXContainerItemProxy */;
		};
/* End PBXTargetDependency section */

/* Begin PBXVariantGroup section */
		F52F20D71906E7670053B2EE /* InfoPlist.strings */ = {
			isa = PBXVariantGroup;
			children = (
				F52F20D81906E7670053B2EE /* en */,
			);
			name = InfoPlist.strings;
			sourceTree = "<group>";
		};
		F52F20E01906E7670053B2EE /* Main_iPhone.storyboard */ = {
			isa = PBXVariantGroup;
			children = (
				F52F20E11906E7670053B2EE /* Base */,
			);
			name = Main_iPhone.storyboard;
			sourceTree = "<group>";
		};
		F52F20E31906E7670053B2EE /* Main_iPad.storyboard */ = {
			isa = PBXVariantGroup;
			children = (
				F52F20E41906E7670053B2EE /* Base */,
			);
			name = Main_iPad.storyboard;
			sourceTree = "<group>";
		};
		F52F20F91906E7670053B2EE /* InfoPlist.strings */ = {
			isa = PBXVariantGroup;
			children = (
				F52F20FA1906E7670053B2EE /* en */,
			);
			name = InfoPlist.strings;
			sourceTree = "<group>";
		};
/* End PBXVariantGroup section */

/* Begin XCBuildConfiguration section */
		F52F20FE1906E7670053B2EE /* Debug */ = {
			isa = XCBuildConfiguration;
			buildSettings = {
				ALWAYS_SEARCH_USER_PATHS = NO;
				CLANG_CXX_LANGUAGE_STANDARD = "gnu++0x";
				CLANG_CXX_LIBRARY = "libc++";
				CLANG_ENABLE_MODULES = YES;
				CLANG_ENABLE_OBJC_ARC = YES;
				CLANG_WARN_BOOL_CONVERSION = YES;
				CLANG_WARN_CONSTANT_CONVERSION = YES;
				CLANG_WARN_DIRECT_OBJC_ISA_USAGE = YES_ERROR;
				CLANG_WARN_EMPTY_BODY = YES;
				CLANG_WARN_ENUM_CONVERSION = YES;
				CLANG_WARN_INT_CONVERSION = YES;
				CLANG_WARN_OBJC_ROOT_CLASS = YES_ERROR;
				CLANG_WARN__DUPLICATE_METHOD_MATCH = YES;
				"CODE_SIGN_IDENTITY[sdk=iphoneos*]" = "iPhone Developer";
				COPY_PHASE_STRIP = NO;
				GCC_C_LANGUAGE_STANDARD = gnu99;
				GCC_DYNAMIC_NO_PIC = NO;
				GCC_OPTIMIZATION_LEVEL = 0;
				GCC_PREPROCESSOR_DEFINITIONS = (
					"DEBUG=1",
					"$(inherited)",
				);
				GCC_SYMBOLS_PRIVATE_EXTERN = NO;
				GCC_WARN_64_TO_32_BIT_CONVERSION = YES;
				GCC_WARN_ABOUT_RETURN_TYPE = YES_ERROR;
				GCC_WARN_UNDECLARED_SELECTOR = YES;
				GCC_WARN_UNINITIALIZED_AUTOS = YES_AGGRESSIVE;
				GCC_WARN_UNUSED_FUNCTION = YES;
				GCC_WARN_UNUSED_VARIABLE = YES;
				IPHONEOS_DEPLOYMENT_TARGET = 7.1;
				ONLY_ACTIVE_ARCH = YES;
				SDKROOT = iphoneos;
				TARGETED_DEVICE_FAMILY = "1,2";
			};
			name = Debug;
		};
		F52F20FF1906E7670053B2EE /* Release */ = {
			isa = XCBuildConfiguration;
			buildSettings = {
				ALWAYS_SEARCH_USER_PATHS = NO;
				CLANG_CXX_LANGUAGE_STANDARD = "gnu++0x";
				CLANG_CXX_LIBRARY = "libc++";
				CLANG_ENABLE_MODULES = YES;
				CLANG_ENABLE_OBJC_ARC = YES;
				CLANG_WARN_BOOL_CONVERSION = YES;
				CLANG_WARN_CONSTANT_CONVERSION = YES;
				CLANG_WARN_DIRECT_OBJC_ISA_USAGE = YES_ERROR;
				CLANG_WARN_EMPTY_BODY = YES;
				CLANG_WARN_ENUM_CONVERSION = YES;
				CLANG_WARN_INT_CONVERSION = YES;
				CLANG_WARN_OBJC_ROOT_CLASS = YES_ERROR;
				CLANG_WARN__DUPLICATE_METHOD_MATCH = YES;
				"CODE_SIGN_IDENTITY[sdk=iphoneos*]" = "iPhone Developer";
				COPY_PHASE_STRIP = YES;
				ENABLE_NS_ASSERTIONS = NO;
				GCC_C_LANGUAGE_STANDARD = gnu99;
				GCC_WARN_64_TO_32_BIT_CONVERSION = YES;
				GCC_WARN_ABOUT_RETURN_TYPE = YES_ERROR;
				GCC_WARN_UNDECLARED_SELECTOR = YES;
				GCC_WARN_UNINITIALIZED_AUTOS = YES_AGGRESSIVE;
				GCC_WARN_UNUSED_FUNCTION = YES;
				GCC_WARN_UNUSED_VARIABLE = YES;
				IPHONEOS_DEPLOYMENT_TARGET = 7.1;
				SDKROOT = iphoneos;
				TARGETED_DEVICE_FAMILY = "1,2";
				VALIDATE_PRODUCT = YES;
			};
			name = Release;
		};
		F52F21011906E7670053B2EE /* Debug */ = {
			isa = XCBuildConfiguration;
			buildSettings = {
				ASSETCATALOG_COMPILER_APPICON_NAME = AppIcon;
				ASSETCATALOG_COMPILER_LAUNCHIMAGE_NAME = LaunchImage;
				GCC_PRECOMPILE_PREFIX_HEADER = YES;
				GCC_PREFIX_HEADER = "ChocChoc/ChocChoc-Prefix.pch";
				INFOPLIST_FILE = "ChocChoc/ChocChoc-Info.plist";
				PRODUCT_NAME = "$(TARGET_NAME)";
				WRAPPER_EXTENSION = app;
			};
			name = Debug;
		};
		F52F21021906E7670053B2EE /* Release */ = {
			isa = XCBuildConfiguration;
			buildSettings = {
				ASSETCATALOG_COMPILER_APPICON_NAME = AppIcon;
				ASSETCATALOG_COMPILER_LAUNCHIMAGE_NAME = LaunchImage;
				GCC_PRECOMPILE_PREFIX_HEADER = YES;
				GCC_PREFIX_HEADER = "ChocChoc/ChocChoc-Prefix.pch";
				INFOPLIST_FILE = "ChocChoc/ChocChoc-Info.plist";
				PRODUCT_NAME = "$(TARGET_NAME)";
				WRAPPER_EXTENSION = app;
			};
			name = Release;
		};
		F52F21041906E7670053B2EE /* Debug */ = {
			isa = XCBuildConfiguration;
			buildSettings = {
				BUNDLE_LOADER = "$(BUILT_PRODUCTS_DIR)/ChocChoc.app/ChocChoc";
				FRAMEWORK_SEARCH_PATHS = (
					"$(SDKROOT)/Developer/Library/Frameworks",
					"$(inherited)",
					"$(DEVELOPER_FRAMEWORKS_DIR)",
				);
				GCC_PRECOMPILE_PREFIX_HEADER = YES;
				GCC_PREFIX_HEADER = "ChocChoc/ChocChoc-Prefix.pch";
				GCC_PREPROCESSOR_DEFINITIONS = (
					"DEBUG=1",
					"$(inherited)",
				);
				INFOPLIST_FILE = "ChocChocTests/ChocChocTests-Info.plist";
				PRODUCT_NAME = "$(TARGET_NAME)";
				TEST_HOST = "$(BUNDLE_LOADER)";
				WRAPPER_EXTENSION = xctest;
			};
			name = Debug;
		};
		F52F21051906E7670053B2EE /* Release */ = {
			isa = XCBuildConfiguration;
			buildSettings = {
				BUNDLE_LOADER = "$(BUILT_PRODUCTS_DIR)/ChocChoc.app/ChocChoc";
				FRAMEWORK_SEARCH_PATHS = (
					"$(SDKROOT)/Developer/Library/Frameworks",
					"$(inherited)",
					"$(DEVELOPER_FRAMEWORKS_DIR)",
				);
				GCC_PRECOMPILE_PREFIX_HEADER = YES;
				GCC_PREFIX_HEADER = "ChocChoc/ChocChoc-Prefix.pch";
				INFOPLIST_FILE = "ChocChocTests/ChocChocTests-Info.plist";
				PRODUCT_NAME = "$(TARGET_NAME)";
				TEST_HOST = "$(BUNDLE_LOADER)";
				WRAPPER_EXTENSION = xctest;
			};
			name = Release;
		};
/* End XCBuildConfiguration section */

/* Begin XCConfigurationList section */
		F52F20C61906E7670053B2EE /* Build configuration list for PBXProject "ChocChoc" */ = {
			isa = XCConfigurationList;
			buildConfigurations = (
				F52F20FE1906E7670053B2EE /* Debug */,
				F52F20FF1906E7670053B2EE /* Release */,
			);
			defaultConfigurationIsVisible = 0;
			defaultConfigurationName = Release;
		};
		F52F21001906E7670053B2EE /* Build configuration list for PBXNativeTarget "ChocChoc" */ = {
			isa = XCConfigurationList;
			buildConfigurations = (
				F52F21011906E7670053B2EE /* Debug */,
				F52F21021906E7670053B2EE /* Release */,
			);
			defaultConfigurationIsVisible = 0;
			defaultConfigurationName = Release;
		};
		F52F21031906E7670053B2EE /* Build configuration list for PBXNativeTarget "ChocChocTests" */ = {
			isa = XCConfigurationList;
			buildConfigurations = (
				F52F21041906E7670053B2EE /* Debug */,
				F52F21051906E7670053B2EE /* Release */,
			);
			defaultConfigurationIsVisible = 0;
			defaultConfigurationName = Release;
		};
/* End XCConfigurationList section */
	};
	rootObject = F52F20C31906E7670053B2EE /* Project object */;
}
